PODS:
  - Bolts/Tasks (1.9.1)
  - BRYXBanner (0.8.4)
  - Parse (1.19.3):
    - Parse/Core (= 1.19.3)
  - Parse/Core (1.19.3):
    - Bolts/Tasks (= 1.9.1)
  - Parse/UI (1.19.3):
    - Parse/Core
  - SCLAlertView (0.8)
  - SnapKit (5.0.1)
  - SwiftyJSON (4.3.0)

DEPENDENCIES:
  - BRYXBanner
  - Parse
  - Parse/UI
  - SCLAlertView
  - SnapKit (~> 5.0.0)
  - SwiftyJSON (~> 4.0)

SPEC REPOS:
  trunk:
    - Bolts
    - BRYXBanner
    - Parse
    - SCLAlertView
    - SnapKit
    - SwiftyJSON

SPEC CHECKSUMS:
  Bolts: 8c1e8aab2f603387b8b9924f57d1d64f43d3ffdc
  BRYXBanner: 4fbd266f96ce000e4c6cc9a0558c446bd88d9801
  Parse: 0abb63a0ff6fa34a3f64b81d595a294e2ece143a
  SCLAlertView: 6a77bb2edfc65e04dbe57725546cb4107a506b85
  SnapKit: 97b92857e3df3a0c71833cce143274bf6ef8e5eb
  SwiftyJSON: 6faa0040f8b59dead0ee07436cbf76b73c08fd08

PODFILE CHECKSUM: 8eab85af85dbb825a975cacec71f412874fc7182

COCOAPODS: 1.11.3
