// !$*UTF8*$!
{
	archiveVersion = 1;
	classes = {
	};
	objectVersion = 55;
	objects = {

/* Begin PBXBuildFile section */
		9224924529441885004B9091 /* AppDelegate.swift in Sources */ = {isa = PBXBuildFile; fileRef = 9224924429441885004B9091 /* AppDelegate.swift */; };
		9224924729441885004B9091 /* SceneDelegate.swift in Sources */ = {isa = PBXBuildFile; fileRef = 9224924629441885004B9091 /* SceneDelegate.swift */; };
		9224924E29441888004B9091 /* Assets.xcassets in Resources */ = {isa = PBXBuildFile; fileRef = 9224924D29441888004B9091 /* Assets.xcassets */; };
		9224925129441888004B9091 /* LaunchScreen.storyboard in Resources */ = {isa = PBXBuildFile; fileRef = 9224924F29441888004B9091 /* LaunchScreen.storyboard */; };
		9224925A294566C3004B9091 /* KaraokeViewController.swift in Sources */ = {isa = PBXBuildFile; fileRef = 92249259294566C3004B9091 /* KaraokeViewController.swift */; };
		9224925E294576D2004B9091 /* john.wav in Resources */ = {isa = PBXBuildFile; fileRef = 9224925D294576D2004B9091 /* john.wav */; };
		9224926129457E97004B9091 /* SearchViewController.swift in Sources */ = {isa = PBXBuildFile; fileRef = 9224926029457E97004B9091 /* SearchViewController.swift */; };
		922492632945A331004B9091 /* KaraokeDataStore.swift in Sources */ = {isa = PBXBuildFile; fileRef = 922492622945A331004B9091 /* KaraokeDataStore.swift */; };
		C8B61B7DCFF49370D4049CE2 /* Pods_hackathon.framework in Frameworks */ = {isa = PBXBuildFile; fileRef = A8A9AA915E73F59052AD0254 /* Pods_hackathon.framework */; };
/* End PBXBuildFile section */

/* Begin PBXFileReference section */
		0F8780F0A95D87E7366B67F7 /* Pods-hackathon.debug.xcconfig */ = {isa = PBXFileReference; includeInIndex = 1; lastKnownFileType = text.xcconfig; name = "Pods-hackathon.debug.xcconfig"; path = "Target Support Files/Pods-hackathon/Pods-hackathon.debug.xcconfig"; sourceTree = "<group>"; };
		9224924129441885004B9091 /* hackathon.app */ = {isa = PBXFileReference; explicitFileType = wrapper.application; includeInIndex = 0; path = hackathon.app; sourceTree = BUILT_PRODUCTS_DIR; };
		9224924429441885004B9091 /* AppDelegate.swift */ = {isa = PBXFileReference; lastKnownFileType = sourcecode.swift; path = AppDelegate.swift; sourceTree = "<group>"; };
		9224924629441885004B9091 /* SceneDelegate.swift */ = {isa = PBXFileReference; lastKnownFileType = sourcecode.swift; path = SceneDelegate.swift; sourceTree = "<group>"; };
		9224924D29441888004B9091 /* Assets.xcassets */ = {isa = PBXFileReference; lastKnownFileType = folder.assetcatalog; path = Assets.xcassets; sourceTree = "<group>"; };
		9224925029441888004B9091 /* Base */ = {isa = PBXFileReference; lastKnownFileType = file.storyboard; name = Base; path = Base.lproj/LaunchScreen.storyboard; sourceTree = "<group>"; };
		9224925229441888004B9091 /* Info.plist */ = {isa = PBXFileReference; lastKnownFileType = text.plist.xml; path = Info.plist; sourceTree = "<group>"; };
		92249259294566C3004B9091 /* KaraokeViewController.swift */ = {isa = PBXFileReference; lastKnownFileType = sourcecode.swift; path = KaraokeViewController.swift; sourceTree = "<group>"; };
		9224925D294576D2004B9091 /* john.wav */ = {isa = PBXFileReference; lastKnownFileType = audio.wav; path = john.wav; sourceTree = "<group>"; };
		9224926029457E97004B9091 /* SearchViewController.swift */ = {isa = PBXFileReference; lastKnownFileType = sourcecode.swift; path = SearchViewController.swift; sourceTree = "<group>"; };
		922492622945A331004B9091 /* KaraokeDataStore.swift */ = {isa = PBXFileReference; lastKnownFileType = sourcecode.swift; path = KaraokeDataStore.swift; sourceTree = "<group>"; };
		A8A9AA915E73F59052AD0254 /* Pods_hackathon.framework */ = {isa = PBXFileReference; explicitFileType = wrapper.framework; includeInIndex = 0; path = Pods_hackathon.framework; sourceTree = BUILT_PRODUCTS_DIR; };
		A9C2C6A6F54AC0454DDEB159 /* Pods-hackathon.release.xcconfig */ = {isa = PBXFileReference; includeInIndex = 1; lastKnownFileType = text.xcconfig; name = "Pods-hackathon.release.xcconfig"; path = "Target Support Files/Pods-hackathon/Pods-hackathon.release.xcconfig"; sourceTree = "<group>"; };
/* End PBXFileReference section */

/* Begin PBXFrameworksBuildPhase section */
		9224923E29441885004B9091 /* Frameworks */ = {
			isa = PBXFrameworksBuildPhase;
			buildActionMask = 2147483647;
			files = (
				C8B61B7DCFF49370D4049CE2 /* Pods_hackathon.framework in Frameworks */,
			);
			runOnlyForDeploymentPostprocessing = 0;
		};
/* End PBXFrameworksBuildPhase section */

/* Begin PBXGroup section */
		9224923829441885004B9091 = {
			isa = PBXGroup;
			children = (
				9224924329441885004B9091 /* hackathon */,
				9224924229441885004B9091 /* Products */,
				E8324CD8B21AF2501FB72251 /* Pods */,
				9439E66257CC28EE2B9B1B7C /* Frameworks */,
			);
			sourceTree = "<group>";
		};
		9224924229441885004B9091 /* Products */ = {
			isa = PBXGroup;
			children = (
				9224924129441885004B9091 /* hackathon.app */,
			);
			name = Products;
			sourceTree = "<group>";
		};
		9224924329441885004B9091 /* hackathon */ = {
			isa = PBXGroup;
			children = (
				9224925F29457E38004B9091 /* Search */,
				922492582945668E004B9091 /* karaoke */,
				9224924429441885004B9091 /* AppDelegate.swift */,
				9224924629441885004B9091 /* SceneDelegate.swift */,
				9224925D294576D2004B9091 /* john.wav */,
				9224924D29441888004B9091 /* Assets.xcassets */,
				9224924F29441888004B9091 /* LaunchScreen.storyboard */,
				9224925229441888004B9091 /* Info.plist */,
			);
			path = hackathon;
			sourceTree = "<group>";
		};
		922492582945668E004B9091 /* karaoke */ = {
			isa = PBXGroup;
			children = (
				92249259294566C3004B9091 /* KaraokeViewController.swift */,
				922492622945A331004B9091 /* KaraokeDataStore.swift */,
			);
			path = karaoke;
			sourceTree = "<group>";
		};
		9224925F29457E38004B9091 /* Search */ = {
			isa = PBXGroup;
			children = (
				9224926029457E97004B9091 /* SearchViewController.swift */,
			);
			path = Search;
			sourceTree = "<group>";
		};
		9439E66257CC28EE2B9B1B7C /* Frameworks */ = {
			isa = PBXGroup;
			children = (
				A8A9AA915E73F59052AD0254 /* Pods_hackathon.framework */,
			);
			name = Frameworks;
			sourceTree = "<group>";
		};
		E8324CD8B21AF2501FB72251 /* Pods */ = {
			isa = PBXGroup;
			children = (
				0F8780F0A95D87E7366B67F7 /* Pods-hackathon.debug.xcconfig */,
				A9C2C6A6F54AC0454DDEB159 /* Pods-hackathon.release.xcconfig */,
			);
			path = Pods;
			sourceTree = "<group>";
		};
/* End PBXGroup section */

/* Begin PBXNativeTarget section */
		9224924029441885004B9091 /* hackathon */ = {
			isa = PBXNativeTarget;
			buildConfigurationList = 9224925529441888004B9091 /* Build configuration list for PBXNativeTarget "hackathon" */;
			buildPhases = (
				FB11E9339EA69C9775E05364 /* [CP] Check Pods Manifest.lock */,
				9224923D29441885004B9091 /* Sources */,
				9224923E29441885004B9091 /* Frameworks */,
				9224923F29441885004B9091 /* Resources */,
				9FC5C67DC9C35DCE599CB865 /* [CP] Embed Pods Frameworks */,
			);
			buildRules = (
			);
			dependencies = (
			);
			name = hackathon;
			productName = hackathon;
			productReference = 9224924129441885004B9091 /* hackathon.app */;
			productType = "com.apple.product-type.application";
		};
/* End PBXNativeTarget section */

/* Begin PBXProject section */
		9224923929441885004B9091 /* Project object */ = {
			isa = PBXProject;
			attributes = {
				BuildIndependentTargetsInParallel = 1;
				LastSwiftUpdateCheck = 1410;
				LastUpgradeCheck = 1410;
				TargetAttributes = {
					9224924029441885004B9091 = {
						CreatedOnToolsVersion = 14.1;
					};
				};
			};
			buildConfigurationList = 9224923C29441885004B9091 /* Build configuration list for PBXProject "hackathon" */;
			compatibilityVersion = "Xcode 13.0";
			developmentRegion = en;
			hasScannedForEncodings = 0;
			knownRegions = (
				en,
				Base,
			);
			mainGroup = 9224923829441885004B9091;
			productRefGroup = 9224924229441885004B9091 /* Products */;
			projectDirPath = "";
			projectRoot = "";
			targets = (
				9224924029441885004B9091 /* hackathon */,
			);
		};
/* End PBXProject section */

/* Begin PBXResourcesBuildPhase section */
		9224923F29441885004B9091 /* Resources */ = {
			isa = PBXResourcesBuildPhase;
			buildActionMask = 2147483647;
			files = (
				9224925E294576D2004B9091 /* john.wav in Resources */,
				9224925129441888004B9091 /* LaunchScreen.storyboard in Resources */,
				9224924E29441888004B9091 /* Assets.xcassets in Resources */,
			);
			runOnlyForDeploymentPostprocessing = 0;
		};
/* End PBXResourcesBuildPhase section */

/* Begin PBXShellScriptBuildPhase section */
		9FC5C67DC9C35DCE599CB865 /* [CP] Embed Pods Frameworks */ = {
			isa = PBXShellScriptBuildPhase;
			buildActionMask = 2147483647;
			files = (
			);
			inputFileListPaths = (
				"${PODS_ROOT}/Target Support Files/Pods-hackathon/Pods-hackathon-frameworks-${CONFIGURATION}-input-files.xcfilelist",
			);
			name = "[CP] Embed Pods Frameworks";
			outputFileListPaths = (
				"${PODS_ROOT}/Target Support Files/Pods-hackathon/Pods-hackathon-frameworks-${CONFIGURATION}-output-files.xcfilelist",
			);
			runOnlyForDeploymentPostprocessing = 0;
			shellPath = /bin/sh;
			shellScript = "\"${PODS_ROOT}/Target Support Files/Pods-hackathon/Pods-hackathon-frameworks.sh\"\n";
			showEnvVarsInLog = 0;
		};
		FB11E9339EA69C9775E05364 /* [CP] Check Pods Manifest.lock */ = {
			isa = PBXShellScriptBuildPhase;
			buildActionMask = 2147483647;
			files = (
			);
			inputFileListPaths = (
			);
			inputPaths = (
				"${PODS_PODFILE_DIR_PATH}/Podfile.lock",
				"${PODS_ROOT}/Manifest.lock",
			);
			name = "[CP] Check Pods Manifest.lock";
			outputFileListPaths = (
			);
			outputPaths = (
				"$(DERIVED_FILE_DIR)/Pods-hackathon-checkManifestLockResult.txt",
			);
			runOnlyForDeploymentPostprocessing = 0;
			shellPath = /bin/sh;
			shellScript = "diff \"${PODS_PODFILE_DIR_PATH}/Podfile.lock\" \"${PODS_ROOT}/Manifest.lock\" > /dev/null\nif [ $? != 0 ] ; then\n    # print error to STDERR\n    echo \"error: The sandbox is not in sync with the Podfile.lock. Run 'pod install' or update your CocoaPods installation.\" >&2\n    exit 1\nfi\n# This output is used by Xcode 'outputs' to avoid re-running this script phase.\necho \"SUCCESS\" > \"${SCRIPT_OUTPUT_FILE_0}\"\n";
			showEnvVarsInLog = 0;
		};
/* End PBXShellScriptBuildPhase section */

/* Begin PBXSourcesBuildPhase section */
		9224923D29441885004B9091 /* Sources */ = {
			isa = PBXSourcesBuildPhase;
			buildActionMask = 2147483647;
			files = (
				922492632945A331004B9091 /* KaraokeDataStore.swift in Sources */,
				9224924529441885004B9091 /* AppDelegate.swift in Sources */,
				9224924729441885004B9091 /* SceneDelegate.swift in Sources */,
				9224926129457E97004B9091 /* SearchViewController.swift in Sources */,
				9224925A294566C3004B9091 /* KaraokeViewController.swift in Sources */,
			);
			runOnlyForDeploymentPostprocessing = 0;
		};
/* End PBXSourcesBuildPhase section */

/* Begin PBXVariantGroup section */
		9224924F29441888004B9091 /* LaunchScreen.storyboard */ = {
			isa = PBXVariantGroup;
			children = (
				9224925029441888004B9091 /* Base */,
			);
			name = LaunchScreen.storyboard;
			sourceTree = "<group>";
		};
/* End PBXVariantGroup section */

/* Begin XCBuildConfiguration section */
		9224925329441888004B9091 /* Debug */ = {
			isa = XCBuildConfiguration;
			buildSettings = {
				ALWAYS_SEARCH_USER_PATHS = NO;
				CLANG_ANALYZER_NONNULL = YES;
				CLANG_ANALYZER_NUMBER_OBJECT_CONVERSION = YES_AGGRESSIVE;
				CLANG_CXX_LANGUAGE_STANDARD = "gnu++20";
				CLANG_ENABLE_MODULES = YES;
				CLANG_ENABLE_OBJC_ARC = YES;
				CLANG_ENABLE_OBJC_WEAK = YES;
				CLANG_WARN_BLOCK_CAPTURE_AUTORELEASING = YES;
				CLANG_WARN_BOOL_CONVERSION = YES;
				CLANG_WARN_COMMA = YES;
				CLANG_WARN_CONSTANT_CONVERSION = YES;
				CLANG_WARN_DEPRECATED_OBJC_IMPLEMENTATIONS = YES;
				CLANG_WARN_DIRECT_OBJC_ISA_USAGE = YES_ERROR;
				CLANG_WARN_DOCUMENTATION_COMMENTS = YES;
				CLANG_WARN_EMPTY_BODY = YES;
				CLANG_WARN_ENUM_CONVERSION = YES;
				CLANG_WARN_INFINITE_RECURSION = YES;
				CLANG_WARN_INT_CONVERSION = YES;
				CLANG_WARN_NON_LITERAL_NULL_CONVERSION = YES;
				CLANG_WARN_OBJC_IMPLICIT_RETAIN_SELF = YES;
				CLANG_WARN_OBJC_LITERAL_CONVERSION = YES;
				CLANG_WARN_OBJC_ROOT_CLASS = YES_ERROR;
				CLANG_WARN_QUOTED_INCLUDE_IN_FRAMEWORK_HEADER = YES;
				CLANG_WARN_RANGE_LOOP_ANALYSIS = YES;
				CLANG_WARN_STRICT_PROTOTYPES = YES;
				CLANG_WARN_SUSPICIOUS_MOVE = YES;
				CLANG_WARN_UNGUARDED_AVAILABILITY = YES_AGGRESSIVE;
				CLANG_WARN_UNREACHABLE_CODE = YES;
				CLANG_WARN__DUPLICATE_METHOD_MATCH = YES;
				COPY_PHASE_STRIP = NO;
				DEBUG_INFORMATION_FORMAT = dwarf;
				ENABLE_STRICT_OBJC_MSGSEND = YES;
				ENABLE_TESTABILITY = YES;
				GCC_C_LANGUAGE_STANDARD = gnu11;
				GCC_DYNAMIC_NO_PIC = NO;
				GCC_NO_COMMON_BLOCKS = YES;
				GCC_OPTIMIZATION_LEVEL = 0;
				GCC_PREPROCESSOR_DEFINITIONS = (
					"DEBUG=1",
					"$(inherited)",
				);
				GCC_WARN_64_TO_32_BIT_CONVERSION = YES;
				GCC_WARN_ABOUT_RETURN_TYPE = YES_ERROR;
				GCC_WARN_UNDECLARED_SELECTOR = YES;
				GCC_WARN_UNINITIALIZED_AUTOS = YES_AGGRESSIVE;
				GCC_WARN_UNUSED_FUNCTION = YES;
				GCC_WARN_UNUSED_VARIABLE = YES;
				IPHONEOS_DEPLOYMENT_TARGET = 16.1;
				MTL_ENABLE_DEBUG_INFO = INCLUDE_SOURCE;
				MTL_FAST_MATH = YES;
				ONLY_ACTIVE_ARCH = YES;
				SDKROOT = iphoneos;
				SWIFT_ACTIVE_COMPILATION_CONDITIONS = DEBUG;
				SWIFT_OPTIMIZATION_LEVEL = "-Onone";
			};
			name = Debug;
		};
		9224925429441888004B9091 /* Release */ = {
			isa = XCBuildConfiguration;
			buildSettings = {
				ALWAYS_SEARCH_USER_PATHS = NO;
				CLANG_ANALYZER_NONNULL = YES;
				CLANG_ANALYZER_NUMBER_OBJECT_CONVERSION = YES_AGGRESSIVE;
				CLANG_CXX_LANGUAGE_STANDARD = "gnu++20";
				CLANG_ENABLE_MODULES = YES;
				CLANG_ENABLE_OBJC_ARC = YES;
				CLANG_ENABLE_OBJC_WEAK = YES;
				CLANG_WARN_BLOCK_CAPTURE_AUTORELEASING = YES;
				CLANG_WARN_BOOL_CONVERSION = YES;
				CLANG_WARN_COMMA = YES;
				CLANG_WARN_CONSTANT_CONVERSION = YES;
				CLANG_WARN_DEPRECATED_OBJC_IMPLEMENTATIONS = YES;
				CLANG_WARN_DIRECT_OBJC_ISA_USAGE = YES_ERROR;
				CLANG_WARN_DOCUMENTATION_COMMENTS = YES;
				CLANG_WARN_EMPTY_BODY = YES;
				CLANG_WARN_ENUM_CONVERSION = YES;
				CLANG_WARN_INFINITE_RECURSION = YES;
				CLANG_WARN_INT_CONVERSION = YES;
				CLANG_WARN_NON_LITERAL_NULL_CONVERSION = YES;
				CLANG_WARN_OBJC_IMPLICIT_RETAIN_SELF = YES;
				CLANG_WARN_OBJC_LITERAL_CONVERSION = YES;
				CLANG_WARN_OBJC_ROOT_CLASS = YES_ERROR;
				CLANG_WARN_QUOTED_INCLUDE_IN_FRAMEWORK_HEADER = YES;
				CLANG_WARN_RANGE_LOOP_ANALYSIS = YES;
				CLANG_WARN_STRICT_PROTOTYPES = YES;
				CLANG_WARN_SUSPICIOUS_MOVE = YES;
				CLANG_WARN_UNGUARDED_AVAILABILITY = YES_AGGRESSIVE;
				CLANG_WARN_UNREACHABLE_CODE = YES;
				CLANG_WARN__DUPLICATE_METHOD_MATCH = YES;
				COPY_PHASE_STRIP = NO;
				DEBUG_INFORMATION_FORMAT = "dwarf-with-dsym";
				ENABLE_NS_ASSERTIONS = NO;
				ENABLE_STRICT_OBJC_MSGSEND = YES;
				GCC_C_LANGUAGE_STANDARD = gnu11;
				GCC_NO_COMMON_BLOCKS = YES;
				GCC_WARN_64_TO_32_BIT_CONVERSION = YES;
				GCC_WARN_ABOUT_RETURN_TYPE = YES_ERROR;
				GCC_WARN_UNDECLARED_SELECTOR = YES;
				GCC_WARN_UNINITIALIZED_AUTOS = YES_AGGRESSIVE;
				GCC_WARN_UNUSED_FUNCTION = YES;
				GCC_WARN_UNUSED_VARIABLE = YES;
				IPHONEOS_DEPLOYMENT_TARGET = 16.1;
				MTL_ENABLE_DEBUG_INFO = NO;
				MTL_FAST_MATH = YES;
				SDKROOT = iphoneos;
				SWIFT_COMPILATION_MODE = wholemodule;
				SWIFT_OPTIMIZATION_LEVEL = "-O";
				VALIDATE_PRODUCT = YES;
			};
			name = Release;
		};
		9224925629441888004B9091 /* Debug */ = {
			isa = XCBuildConfiguration;
			baseConfigurationReference = 0F8780F0A95D87E7366B67F7 /* Pods-hackathon.debug.xcconfig */;
			buildSettings = {
				ASSETCATALOG_COMPILER_APPICON_NAME = AppIcon;
				ASSETCATALOG_COMPILER_GLOBAL_ACCENT_COLOR_NAME = AccentColor;
				CODE_SIGN_STYLE = Automatic;
				CURRENT_PROJECT_VERSION = 1;
				DEVELOPMENT_TEAM = WGU25444T9;
				GENERATE_INFOPLIST_FILE = YES;
				INFOPLIST_FILE = hackathon/Info.plist;
				INFOPLIST_KEY_UIApplicationSupportsIndirectInputEvents = YES;
				INFOPLIST_KEY_UILaunchStoryboardName = LaunchScreen;
				INFOPLIST_KEY_UISupportedInterfaceOrientations_iPad = "UIInterfaceOrientationPortrait UIInterfaceOrientationPortraitUpsideDown UIInterfaceOrientationLandscapeLeft UIInterfaceOrientationLandscapeRight";
				INFOPLIST_KEY_UISupportedInterfaceOrientations_iPhone = "UIInterfaceOrientationPortrait UIInterfaceOrientationLandscapeLeft UIInterfaceOrientationLandscapeRight";
				IPHONEOS_DEPLOYMENT_TARGET = 13.0;
				LD_RUNPATH_SEARCH_PATHS = (
					"$(inherited)",
					"@executable_path/Frameworks",
				);
				MARKETING_VERSION = 1.0;
				PRODUCT_BUNDLE_IDENTIFIER = danielchangsoojones.hackathon;
				PRODUCT_NAME = "$(TARGET_NAME)";
				SWIFT_EMIT_LOC_STRINGS = YES;
				SWIFT_VERSION = 5.0;
				TARGETED_DEVICE_FAMILY = "1,2";
			};
			name = Debug;
		};
		9224925729441888004B9091 /* Release */ = {
			isa = XCBuildConfiguration;
			baseConfigurationReference = A9C2C6A6F54AC0454DDEB159 /* Pods-hackathon.release.xcconfig */;
			buildSettings = {
				ASSETCATALOG_COMPILER_APPICON_NAME = AppIcon;
				ASSETCATALOG_COMPILER_GLOBAL_ACCENT_COLOR_NAME = AccentColor;
				CODE_SIGN_STYLE = Automatic;
				CURRENT_PROJECT_VERSION = 1;
				DEVELOPMENT_TEAM = WGU25444T9;
				GENERATE_INFOPLIST_FILE = YES;
				INFOPLIST_FILE = hackathon/Info.plist;
				INFOPLIST_KEY_UIApplicationSupportsIndirectInputEvents = YES;
				INFOPLIST_KEY_UILaunchStoryboardName = LaunchScreen;
				INFOPLIST_KEY_UISupportedInterfaceOrientations_iPad = "UIInterfaceOrientationPortrait UIInterfaceOrientationPortraitUpsideDown UIInterfaceOrientationLandscapeLeft UIInterfaceOrientationLandscapeRight";
				INFOPLIST_KEY_UISupportedInterfaceOrientations_iPhone = "UIInterfaceOrientationPortrait UIInterfaceOrientationLandscapeLeft UIInterfaceOrientationLandscapeRight";
				IPHONEOS_DEPLOYMENT_TARGET = 13.0;
				LD_RUNPATH_SEARCH_PATHS = (
					"$(inherited)",
					"@executable_path/Frameworks",
				);
				MARKETING_VERSION = 1.0;
				PRODUCT_BUNDLE_IDENTIFIER = danielchangsoojones.hackathon;
				PRODUCT_NAME = "$(TARGET_NAME)";
				SWIFT_EMIT_LOC_STRINGS = YES;
				SWIFT_VERSION = 5.0;
				TARGETED_DEVICE_FAMILY = "1,2";
			};
			name = Release;
		};
/* End XCBuildConfiguration section */

/* Begin XCConfigurationList section */
		9224923C29441885004B9091 /* Build configuration list for PBXProject "hackathon" */ = {
			isa = XCConfigurationList;
			buildConfigurations = (
				9224925329441888004B9091 /* Debug */,
				9224925429441888004B9091 /* Release */,
			);
			defaultConfigurationIsVisible = 0;
			defaultConfigurationName = Release;
		};
		9224925529441888004B9091 /* Build configuration list for PBXNativeTarget "hackathon" */ = {
			isa = XCConfigurationList;
			buildConfigurations = (
				9224925629441888004B9091 /* Debug */,
				9224925729441888004B9091 /* Release */,
			);
			defaultConfigurationIsVisible = 0;
			defaultConfigurationName = Release;
		};
/* End XCConfigurationList section */
	};
	rootObject = 9224923929441885004B9091 /* Project object */;
}
